
Microsoft Visual Studio Solution File, Format Version 12.00
# Visual Studio Version 16
VisualStudioVersion = 16.6.30114.105
MinimumVisualStudioVersion = 10.0.40219.1
Project("{9A19103F-16F7-4668-BE54-9A1E7A4F7556}") = "R5T.T0067", "R5T.T0067\R5T.T0067.csproj", "{E4B64022-3FDD-4CCF-8825-33BBEA247762}"
EndProject
Project("{2150E333-8FDC-42A3-9474-1A3956D46DE8}") = "_Dependencies", "_Dependencies", "{333E5DF8-D7FB-4DBE-9DC0-4C26941E1A5E}"
EndProject
Project("{9A19103F-16F7-4668-BE54-9A1E7A4F7556}") = "R5T.T0039.T002", "..\..\R5T.T0039\source\R5T.T0039.T002\R5T.T0039.T002.csproj", "{56C053AF-D3EE-47A8-AD69-7D2D938E7B32}"
EndProject
Project("{9A19103F-16F7-4668-BE54-9A1E7A4F7556}") = "R5T.T0067.X001", "R5T.T0067.X001\R5T.T0067.X001.csproj", "{B76CDF50-71ED-4F6C-84BB-2FD6225717A1}"
EndProject
Project("{9A19103F-16F7-4668-BE54-9A1E7A4F7556}") = "R5T.L0013", "..\..\R5T.L0013\source\R5T.L0013\R5T.L0013.csproj", "{9A6096CC-73CF-4D61-8853-FFA02F39BC0D}"
EndProject
Project("{9A19103F-16F7-4668-BE54-9A1E7A4F7556}") = "R5T.T0063", "..\..\R5T.T0063\source\R5T.T0063\R5T.T0063.csproj", "{6A0682FC-F859-48DA-919C-3100F31FE3F1}"
EndProject
Global
	GlobalSection(SolutionConfigurationPlatforms) = preSolution
		Debug|Any CPU = Debug|Any CPU
		Debug|x64 = Debug|x64
		Debug|x86 = Debug|x86
		Release|Any CPU = Release|Any CPU
		Release|x64 = Release|x64
		Release|x86 = Release|x86
	EndGlobalSection
	GlobalSection(ProjectConfigurationPlatforms) = postSolution
		{E4B64022-3FDD-4CCF-8825-33BBEA247762}.Debug|Any CPU.ActiveCfg = Debug|Any CPU
		{E4B64022-3FDD-4CCF-8825-33BBEA247762}.Debug|Any CPU.Build.0 = Debug|Any CPU
		{E4B64022-3FDD-4CCF-8825-33BBEA247762}.Debug|x64.ActiveCfg = Debug|Any CPU
		{E4B64022-3FDD-4CCF-8825-33BBEA247762}.Debug|x64.Build.0 = Debug|Any CPU
		{E4B64022-3FDD-4CCF-8825-33BBEA247762}.Debug|x86.ActiveCfg = Debug|Any CPU
		{E4B64022-3FDD-4CCF-8825-33BBEA247762}.Debug|x86.Build.0 = Debug|Any CPU
		{E4B64022-3FDD-4CCF-8825-33BBEA247762}.Release|Any CPU.ActiveCfg = Release|Any CPU
		{E4B64022-3FDD-4CCF-8825-33BBEA247762}.Release|Any CPU.Build.0 = Release|Any CPU
		{E4B64022-3FDD-4CCF-8825-33BBEA247762}.Release|x64.ActiveCfg = Release|Any CPU
		{E4B64022-3FDD-4CCF-8825-33BBEA247762}.Release|x64.Build.0 = Release|Any CPU
		{E4B64022-3FDD-4CCF-8825-33BBEA247762}.Release|x86.ActiveCfg = Release|Any CPU
		{E4B64022-3FDD-4CCF-8825-33BBEA247762}.Release|x86.Build.0 = Release|Any CPU
		{56C053AF-D3EE-47A8-AD69-7D2D938E7B32}.Debug|Any CPU.ActiveCfg = Debug|Any CPU
		{56C053AF-D3EE-47A8-AD69-7D2D938E7B32}.Debug|Any CPU.Build.0 = Debug|Any CPU
		{56C053AF-D3EE-47A8-AD69-7D2D938E7B32}.Debug|x64.ActiveCfg = Debug|Any CPU
		{56C053AF-D3EE-47A8-AD69-7D2D938E7B32}.Debug|x64.Build.0 = Debug|Any CPU
		{56C053AF-D3EE-47A8-AD69-7D2D938E7B32}.Debug|x86.ActiveCfg = Debug|Any CPU
		{56C053AF-D3EE-47A8-AD69-7D2D938E7B32}.Debug|x86.Build.0 = Debug|Any CPU
		{56C053AF-D3EE-47A8-AD69-7D2D938E7B32}.Release|Any CPU.ActiveCfg = Release|Any CPU
		{56C053AF-D3EE-47A8-AD69-7D2D938E7B32}.Release|Any CPU.Build.0 = Release|Any CPU
		{56C053AF-D3EE-47A8-AD69-7D2D938E7B32}.Release|x64.ActiveCfg = Release|Any CPU
		{56C053AF-D3EE-47A8-AD69-7D2D938E7B32}.Release|x64.Build.0 = Release|Any CPU
		{56C053AF-D3EE-47A8-AD69-7D2D938E7B32}.Release|x86.ActiveCfg = Release|Any CPU
		{56C053AF-D3EE-47A8-AD69-7D2D938E7B32}.Release|x86.Build.0 = Release|Any CPU
		{B76CDF50-71ED-4F6C-84BB-2FD6225717A1}.Debug|Any CPU.ActiveCfg = Debug|Any CPU
		{B76CDF50-71ED-4F6C-84BB-2FD6225717A1}.Debug|Any CPU.Build.0 = Debug|Any CPU
		{B76CDF50-71ED-4F6C-84BB-2FD6225717A1}.Debug|x64.ActiveCfg = Debug|Any CPU
		{B76CDF50-71ED-4F6C-84BB-2FD6225717A1}.Debug|x64.Build.0 = Debug|Any CPU
		{B76CDF50-71ED-4F6C-84BB-2FD6225717A1}.Debug|x86.ActiveCfg = Debug|Any CPU
		{B76CDF50-71ED-4F6C-84BB-2FD6225717A1}.Debug|x86.Build.0 = Debug|Any CPU
		{B76CDF50-71ED-4F6C-84BB-2FD6225717A1}.Release|Any CPU.ActiveCfg = Release|Any CPU
		{B76CDF50-71ED-4F6C-84BB-2FD6225717A1}.Release|Any CPU.Build.0 = Release|Any CPU
		{B76CDF50-71ED-4F6C-84BB-2FD6225717A1}.Release|x64.ActiveCfg = Release|Any CPU
		{B76CDF50-71ED-4F6C-84BB-2FD6225717A1}.Release|x64.Build.0 = Release|Any CPU
		{B76CDF50-71ED-4F6C-84BB-2FD6225717A1}.Release|x86.ActiveCfg = Release|Any CPU
		{B76CDF50-71ED-4F6C-84BB-2FD6225717A1}.Release|x86.Build.0 = Release|Any CPU
		{9A6096CC-73CF-4D61-8853-FFA02F39BC0D}.Debug|Any CPU.ActiveCfg = Debug|Any CPU
		{9A6096CC-73CF-4D61-8853-FFA02F39BC0D}.Debug|Any CPU.Build.0 = Debug|Any CPU
		{9A6096CC-73CF-4D61-8853-FFA02F39BC0D}.Debug|x64.ActiveCfg = Debug|Any CPU
		{9A6096CC-73CF-4D61-8853-FFA02F39BC0D}.Debug|x64.Build.0 = Debug|Any CPU
		{9A6096CC-73CF-4D61-8853-FFA02F39BC0D}.Debug|x86.ActiveCfg = Debug|Any CPU
		{9A6096CC-73CF-4D61-8853-FFA02F39BC0D}.Debug|x86.Build.0 = Debug|Any CPU
		{9A6096CC-73CF-4D61-8853-FFA02F39BC0D}.Release|Any CPU.ActiveCfg = Release|Any CPU
		{9A6096CC-73CF-4D61-8853-FFA02F39BC0D}.Release|Any CPU.Build.0 = Release|Any CPU
		{9A6096CC-73CF-4D61-8853-FFA02F39BC0D}.Release|x64.ActiveCfg = Release|Any CPU
		{9A6096CC-73CF-4D61-8853-FFA02F39BC0D}.Release|x64.Build.0 = Release|Any CPU
		{9A6096CC-73CF-4D61-8853-FFA02F39BC0D}.Release|x86.ActiveCfg = Release|Any CPU
		{9A6096CC-73CF-4D61-8853-FFA02F39BC0D}.Release|x86.Build.0 = Release|Any CPU
		{6A0682FC-F859-48DA-919C-3100F31FE3F1}.Debug|Any CPU.ActiveCfg = Debug|Any CPU
		{6A0682FC-F859-48DA-919C-3100F31FE3F1}.Debug|Any CPU.Build.0 = Debug|Any CPU
		{6A0682FC-F859-48DA-919C-3100F31FE3F1}.Debug|x64.ActiveCfg = Debug|Any CPU
		{6A0682FC-F859-48DA-919C-3100F31FE3F1}.Debug|x64.Build.0 = Debug|Any CPU
		{6A0682FC-F859-48DA-919C-3100F31FE3F1}.Debug|x86.ActiveCfg = Debug|Any CPU
		{6A0682FC-F859-48DA-919C-3100F31FE3F1}.Debug|x86.Build.0 = Debug|Any CPU
		{6A0682FC-F859-48DA-919C-3100F31FE3F1}.Release|Any CPU.ActiveCfg = Release|Any CPU
		{6A0682FC-F859-48DA-919C-3100F31FE3F1}.Release|Any CPU.Build.0 = Release|Any CPU
		{6A0682FC-F859-48DA-919C-3100F31FE3F1}.Release|x64.ActiveCfg = Release|Any CPU
		{6A0682FC-F859-48DA-919C-3100F31FE3F1}.Release|x64.Build.0 = Release|Any CPU
		{6A0682FC-F859-48DA-919C-3100F31FE3F1}.Release|x86.ActiveCfg = Release|Any CPU
		{6A0682FC-F859-48DA-919C-3100F31FE3F1}.Release|x86.Build.0 = Release|Any CPU
	EndGlobalSection
	GlobalSection(SolutionProperties) = preSolution
		HideSolutionNode = FALSE
	EndGlobalSection
	GlobalSection(NestedProjects) = preSolution
		{56C053AF-D3EE-47A8-AD69-7D2D938E7B32} = {333E5DF8-D7FB-4DBE-9DC0-4C26941E1A5E}
		{9A6096CC-73CF-4D61-8853-FFA02F39BC0D} = {333E5DF8-D7FB-4DBE-9DC0-4C26941E1A5E}
		{6A0682FC-F859-48DA-919C-3100F31FE3F1} = {333E5DF8-D7FB-4DBE-9DC0-4C26941E1A5E}
	EndGlobalSection
	GlobalSection(ExtensibilityGlobals) = postSolution
		SolutionGuid = {66B41380-AFEF-48B7-AD96-A52D53CA28EC}
	EndGlobalSection
EndGlobal
